
Microsoft Visual Studio Solution File, Format Version 12.00
# Visual Studio Version 16
VisualStudioVersion = 16.0.32126.315
MinimumVisualStudioVersion = 10.0.40219.1
Project("{FAE04EC0-301F-11D3-BF4B-00C04F79EFBC}") = "20220316-2", "20220316-2\20220316-2.csproj", "{3EFB9A52-3C5C-479F-BB16-929B500CE83E}"
EndProject
Global
	GlobalSection(SolutionConfigurationPlatforms) = preSolution
		Debug|Any CPU = Debug|Any CPU
		Release|Any CPU = Release|Any CPU
	EndGlobalSection
	GlobalSection(ProjectConfigurationPlatforms) = postSolution
		{3EFB9A52-3C5C-479F-BB16-929B500CE83E}.Debug|Any CPU.ActiveCfg = Debug|Any CPU
		{3EFB9A52-3C5C-479F-BB16-929B500CE83E}.Debug|Any CPU.Build.0 = Debug|Any CPU
		{3EFB9A52-3C5C-479F-BB16-929B500CE83E}.Release|Any CPU.ActiveCfg = Release|Any CPU
		{3EFB9A52-3C5C-479F-BB16-929B500CE83E}.Release|Any CPU.Build.0 = Release|Any CPU
	EndGlobalSection
	GlobalSection(SolutionProperties) = preSolution
		HideSolutionNode = FALSE
	EndGlobalSection
	GlobalSection(ExtensibilityGlobals) = postSolution
		SolutionGuid = {1D89C596-A739-4891-B9D8-BCFFC68C0985}
	EndGlobalSection
EndGlobal
